
Microsoft Visual Studio Solution File, Format Version 12.00
# Visual Studio 14
VisualStudioVersion = 14.0.25420.1
MinimumVisualStudioVersion = 10.0.40219.1
Project("{FAE04EC0-301F-11D3-BF4B-00C04F79EFBC}") = "MedClin", "MedClin\MedClin\MedClin.csproj", "{1E0E49CD-EBAF-49A1-A94C-D62338C8F454}"
EndProject
Project("{FAE04EC0-301F-11D3-BF4B-00C04F79EFBC}") = "MedClin.Droid", "MedClin\MedClin.Droid\MedClin.Droid.csproj", "{87EFB031-3E4A-4A9D-AC94-E382F4A0F2CE}"
EndProject
Project("{FAE04EC0-301F-11D3-BF4B-00C04F79EFBC}") = "MedClin.iOS", "MedClin\MedClin.iOS\MedClin.iOS.csproj", "{647B3B6A-0C65-46D6-A08D-0ABDCB0AD64F}"
EndProject
Project("{FAE04EC0-301F-11D3-BF4B-00C04F79EFBC}") = "MedClin.UWP", "MedClin\MedClin.UWP\MedClin.UWP.csproj", "{F018DE69-80A4-49FB-B4A6-285D8526C4D1}"
EndProject
Global
	GlobalSection(SolutionConfigurationPlatforms) = preSolution
		Ad-Hoc|Any CPU = Ad-Hoc|Any CPU
		Ad-Hoc|ARM = Ad-Hoc|ARM
		Ad-Hoc|iPhone = Ad-Hoc|iPhone
		Ad-Hoc|iPhoneSimulator = Ad-Hoc|iPhoneSimulator
		Ad-Hoc|x64 = Ad-Hoc|x64
		Ad-Hoc|x86 = Ad-Hoc|x86
		AppStore|Any CPU = AppStore|Any CPU
		AppStore|ARM = AppStore|ARM
		AppStore|iPhone = AppStore|iPhone
		AppStore|iPhoneSimulator = AppStore|iPhoneSimulator
		AppStore|x64 = AppStore|x64
		AppStore|x86 = AppStore|x86
		Debug|Any CPU = Debug|Any CPU
		Debug|ARM = Debug|ARM
		Debug|iPhone = Debug|iPhone
		Debug|iPhoneSimulator = Debug|iPhoneSimulator
		Debug|x64 = Debug|x64
		Debug|x86 = Debug|x86
		Release|Any CPU = Release|Any CPU
		Release|ARM = Release|ARM
		Release|iPhone = Release|iPhone
		Release|iPhoneSimulator = Release|iPhoneSimulator
		Release|x64 = Release|x64
		Release|x86 = Release|x86
	EndGlobalSection
	GlobalSection(ProjectConfigurationPlatforms) = postSolution
		{1E0E49CD-EBAF-49A1-A94C-D62338C8F454}.Ad-Hoc|Any CPU.ActiveCfg = Release|Any CPU
		{1E0E49CD-EBAF-49A1-A94C-D62338C8F454}.Ad-Hoc|Any CPU.Build.0 = Release|Any CPU
		{1E0E49CD-EBAF-49A1-A94C-D62338C8F454}.Ad-Hoc|ARM.ActiveCfg = Release|Any CPU
		{1E0E49CD-EBAF-49A1-A94C-D62338C8F454}.Ad-Hoc|ARM.Build.0 = Release|Any CPU
		{1E0E49CD-EBAF-49A1-A94C-D62338C8F454}.Ad-Hoc|iPhone.ActiveCfg = Release|Any CPU
		{1E0E49CD-EBAF-49A1-A94C-D62338C8F454}.Ad-Hoc|iPhone.Build.0 = Release|Any CPU
		{1E0E49CD-EBAF-49A1-A94C-D62338C8F454}.Ad-Hoc|iPhoneSimulator.ActiveCfg = Release|Any CPU
		{1E0E49CD-EBAF-49A1-A94C-D62338C8F454}.Ad-Hoc|iPhoneSimulator.Build.0 = Release|Any CPU
		{1E0E49CD-EBAF-49A1-A94C-D62338C8F454}.Ad-Hoc|x64.ActiveCfg = Release|Any CPU
		{1E0E49CD-EBAF-49A1-A94C-D62338C8F454}.Ad-Hoc|x64.Build.0 = Release|Any CPU
		{1E0E49CD-EBAF-49A1-A94C-D62338C8F454}.Ad-Hoc|x86.ActiveCfg = Release|Any CPU
		{1E0E49CD-EBAF-49A1-A94C-D62338C8F454}.Ad-Hoc|x86.Build.0 = Release|Any CPU
		{1E0E49CD-EBAF-49A1-A94C-D62338C8F454}.AppStore|Any CPU.ActiveCfg = Release|Any CPU
		{1E0E49CD-EBAF-49A1-A94C-D62338C8F454}.AppStore|Any CPU.Build.0 = Release|Any CPU
		{1E0E49CD-EBAF-49A1-A94C-D62338C8F454}.AppStore|ARM.ActiveCfg = Release|Any CPU
		{1E0E49CD-EBAF-49A1-A94C-D62338C8F454}.AppStore|ARM.Build.0 = Release|Any CPU
		{1E0E49CD-EBAF-49A1-A94C-D62338C8F454}.AppStore|iPhone.ActiveCfg = Release|Any CPU
		{1E0E49CD-EBAF-49A1-A94C-D62338C8F454}.AppStore|iPhone.Build.0 = Release|Any CPU
		{1E0E49CD-EBAF-49A1-A94C-D62338C8F454}.AppStore|iPhoneSimulator.ActiveCfg = Release|Any CPU
		{1E0E49CD-EBAF-49A1-A94C-D62338C8F454}.AppStore|iPhoneSimulator.Build.0 = Release|Any CPU
		{1E0E49CD-EBAF-49A1-A94C-D62338C8F454}.AppStore|x64.ActiveCfg = Release|Any CPU
		{1E0E49CD-EBAF-49A1-A94C-D62338C8F454}.AppStore|x64.Build.0 = Release|Any CPU
		{1E0E49CD-EBAF-49A1-A94C-D62338C8F454}.AppStore|x86.ActiveCfg = Release|Any CPU
		{1E0E49CD-EBAF-49A1-A94C-D62338C8F454}.AppStore|x86.Build.0 = Release|Any CPU
		{1E0E49CD-EBAF-49A1-A94C-D62338C8F454}.Debug|Any CPU.ActiveCfg = Debug|Any CPU
		{1E0E49CD-EBAF-49A1-A94C-D62338C8F454}.Debug|Any CPU.Build.0 = Debug|Any CPU
		{1E0E49CD-EBAF-49A1-A94C-D62338C8F454}.Debug|ARM.ActiveCfg = Debug|Any CPU
		{1E0E49CD-EBAF-49A1-A94C-D62338C8F454}.Debug|ARM.Build.0 = Debug|Any CPU
		{1E0E49CD-EBAF-49A1-A94C-D62338C8F454}.Debug|iPhone.ActiveCfg = Debug|Any CPU
		{1E0E49CD-EBAF-49A1-A94C-D62338C8F454}.Debug|iPhone.Build.0 = Debug|Any CPU
		{1E0E49CD-EBAF-49A1-A94C-D62338C8F454}.Debug|iPhoneSimulator.ActiveCfg = Debug|Any CPU
		{1E0E49CD-EBAF-49A1-A94C-D62338C8F454}.Debug|iPhoneSimulator.Build.0 = Debug|Any CPU
		{1E0E49CD-EBAF-49A1-A94C-D62338C8F454}.Debug|x64.ActiveCfg = Debug|Any CPU
		{1E0E49CD-EBAF-49A1-A94C-D62338C8F454}.Debug|x64.Build.0 = Debug|Any CPU
		{1E0E49CD-EBAF-49A1-A94C-D62338C8F454}.Debug|x86.ActiveCfg = Debug|Any CPU
		{1E0E49CD-EBAF-49A1-A94C-D62338C8F454}.Debug|x86.Build.0 = Debug|Any CPU
		{1E0E49CD-EBAF-49A1-A94C-D62338C8F454}.Release|Any CPU.ActiveCfg = Release|Any CPU
		{1E0E49CD-EBAF-49A1-A94C-D62338C8F454}.Release|Any CPU.Build.0 = Release|Any CPU
		{1E0E49CD-EBAF-49A1-A94C-D62338C8F454}.Release|ARM.ActiveCfg = Release|Any CPU
		{1E0E49CD-EBAF-49A1-A94C-D62338C8F454}.Release|ARM.Build.0 = Release|Any CPU
		{1E0E49CD-EBAF-49A1-A94C-D62338C8F454}.Release|iPhone.ActiveCfg = Release|Any CPU
		{1E0E49CD-EBAF-49A1-A94C-D62338C8F454}.Release|iPhone.Build.0 = Release|Any CPU
		{1E0E49CD-EBAF-49A1-A94C-D62338C8F454}.Release|iPhoneSimulator.ActiveCfg = Release|Any CPU
		{1E0E49CD-EBAF-49A1-A94C-D62338C8F454}.Release|iPhoneSimulator.Build.0 = Release|Any CPU
		{1E0E49CD-EBAF-49A1-A94C-D62338C8F454}.Release|x64.ActiveCfg = Release|Any CPU
		{1E0E49CD-EBAF-49A1-A94C-D62338C8F454}.Release|x64.Build.0 = Release|Any CPU
		{1E0E49CD-EBAF-49A1-A94C-D62338C8F454}.Release|x86.ActiveCfg = Release|Any CPU
		{1E0E49CD-EBAF-49A1-A94C-D62338C8F454}.Release|x86.Build.0 = Release|Any CPU
		{87EFB031-3E4A-4A9D-AC94-E382F4A0F2CE}.Ad-Hoc|Any CPU.ActiveCfg = Release|Any CPU
		{87EFB031-3E4A-4A9D-AC94-E382F4A0F2CE}.Ad-Hoc|Any CPU.Build.0 = Release|Any CPU
		{87EFB031-3E4A-4A9D-AC94-E382F4A0F2CE}.Ad-Hoc|Any CPU.Deploy.0 = Release|Any CPU
		{87EFB031-3E4A-4A9D-AC94-E382F4A0F2CE}.Ad-Hoc|ARM.ActiveCfg = Release|Any CPU
		{87EFB031-3E4A-4A9D-AC94-E382F4A0F2CE}.Ad-Hoc|ARM.Build.0 = Release|Any CPU
		{87EFB031-3E4A-4A9D-AC94-E382F4A0F2CE}.Ad-Hoc|ARM.Deploy.0 = Release|Any CPU
		{87EFB031-3E4A-4A9D-AC94-E382F4A0F2CE}.Ad-Hoc|iPhone.ActiveCfg = Release|Any CPU
		{87EFB031-3E4A-4A9D-AC94-E382F4A0F2CE}.Ad-Hoc|iPhone.Build.0 = Release|Any CPU
		{87EFB031-3E4A-4A9D-AC94-E382F4A0F2CE}.Ad-Hoc|iPhone.Deploy.0 = Release|Any CPU
		{87EFB031-3E4A-4A9D-AC94-E382F4A0F2CE}.Ad-Hoc|iPhoneSimulator.ActiveCfg = Release|Any CPU
		{87EFB031-3E4A-4A9D-AC94-E382F4A0F2CE}.Ad-Hoc|iPhoneSimulator.Build.0 = Release|Any CPU
		{87EFB031-3E4A-4A9D-AC94-E382F4A0F2CE}.Ad-Hoc|iPhoneSimulator.Deploy.0 = Release|Any CPU
		{87EFB031-3E4A-4A9D-AC94-E382F4A0F2CE}.Ad-Hoc|x64.ActiveCfg = Release|Any CPU
		{87EFB031-3E4A-4A9D-AC94-E382F4A0F2CE}.Ad-Hoc|x64.Build.0 = Release|Any CPU
		{87EFB031-3E4A-4A9D-AC94-E382F4A0F2CE}.Ad-Hoc|x64.Deploy.0 = Release|Any CPU
		{87EFB031-3E4A-4A9D-AC94-E382F4A0F2CE}.Ad-Hoc|x86.ActiveCfg = Release|Any CPU
		{87EFB031-3E4A-4A9D-AC94-E382F4A0F2CE}.Ad-Hoc|x86.Build.0 = Release|Any CPU
		{87EFB031-3E4A-4A9D-AC94-E382F4A0F2CE}.Ad-Hoc|x86.Deploy.0 = Release|Any CPU
		{87EFB031-3E4A-4A9D-AC94-E382F4A0F2CE}.AppStore|Any CPU.ActiveCfg = Release|Any CPU
		{87EFB031-3E4A-4A9D-AC94-E382F4A0F2CE}.AppStore|Any CPU.Build.0 = Release|Any CPU
		{87EFB031-3E4A-4A9D-AC94-E382F4A0F2CE}.AppStore|Any CPU.Deploy.0 = Release|Any CPU
		{87EFB031-3E4A-4A9D-AC94-E382F4A0F2CE}.AppStore|ARM.ActiveCfg = Release|Any CPU
		{87EFB031-3E4A-4A9D-AC94-E382F4A0F2CE}.AppStore|ARM.Build.0 = Release|Any CPU
		{87EFB031-3E4A-4A9D-AC94-E382F4A0F2CE}.AppStore|ARM.Deploy.0 = Release|Any CPU
		{87EFB031-3E4A-4A9D-AC94-E382F4A0F2CE}.AppStore|iPhone.ActiveCfg = Release|Any CPU
		{87EFB031-3E4A-4A9D-AC94-E382F4A0F2CE}.AppStore|iPhone.Build.0 = Release|Any CPU
		{87EFB031-3E4A-4A9D-AC94-E382F4A0F2CE}.AppStore|iPhone.Deploy.0 = Release|Any CPU
		{87EFB031-3E4A-4A9D-AC94-E382F4A0F2CE}.AppStore|iPhoneSimulator.ActiveCfg = Release|Any CPU
		{87EFB031-3E4A-4A9D-AC94-E382F4A0F2CE}.AppStore|iPhoneSimulator.Build.0 = Release|Any CPU
		{87EFB031-3E4A-4A9D-AC94-E382F4A0F2CE}.AppStore|iPhoneSimulator.Deploy.0 = Release|Any CPU
		{87EFB031-3E4A-4A9D-AC94-E382F4A0F2CE}.AppStore|x64.ActiveCfg = Release|Any CPU
		{87EFB031-3E4A-4A9D-AC94-E382F4A0F2CE}.AppStore|x64.Build.0 = Release|Any CPU
		{87EFB031-3E4A-4A9D-AC94-E382F4A0F2CE}.AppStore|x64.Deploy.0 = Release|Any CPU
		{87EFB031-3E4A-4A9D-AC94-E382F4A0F2CE}.AppStore|x86.ActiveCfg = Release|Any CPU
		{87EFB031-3E4A-4A9D-AC94-E382F4A0F2CE}.AppStore|x86.Build.0 = Release|Any CPU
		{87EFB031-3E4A-4A9D-AC94-E382F4A0F2CE}.AppStore|x86.Deploy.0 = Release|Any CPU
		{87EFB031-3E4A-4A9D-AC94-E382F4A0F2CE}.Debug|Any CPU.ActiveCfg = Debug|Any CPU
		{87EFB031-3E4A-4A9D-AC94-E382F4A0F2CE}.Debug|Any CPU.Build.0 = Debug|Any CPU
		{87EFB031-3E4A-4A9D-AC94-E382F4A0F2CE}.Debug|Any CPU.Deploy.0 = Debug|Any CPU
		{87EFB031-3E4A-4A9D-AC94-E382F4A0F2CE}.Debug|ARM.ActiveCfg = Debug|Any CPU
		{87EFB031-3E4A-4A9D-AC94-E382F4A0F2CE}.Debug|ARM.Build.0 = Debug|Any CPU
		{87EFB031-3E4A-4A9D-AC94-E382F4A0F2CE}.Debug|ARM.Deploy.0 = Debug|Any CPU
		{87EFB031-3E4A-4A9D-AC94-E382F4A0F2CE}.Debug|iPhone.ActiveCfg = Debug|Any CPU
		{87EFB031-3E4A-4A9D-AC94-E382F4A0F2CE}.Debug|iPhone.Build.0 = Debug|Any CPU
		{87EFB031-3E4A-4A9D-AC94-E382F4A0F2CE}.Debug|iPhone.Deploy.0 = Debug|Any CPU
		{87EFB031-3E4A-4A9D-AC94-E382F4A0F2CE}.Debug|iPhoneSimulator.ActiveCfg = Debug|Any CPU
		{87EFB031-3E4A-4A9D-AC94-E382F4A0F2CE}.Debug|iPhoneSimulator.Build.0 = Debug|Any CPU
		{87EFB031-3E4A-4A9D-AC94-E382F4A0F2CE}.Debug|iPhoneSimulator.Deploy.0 = Debug|Any CPU
		{87EFB031-3E4A-4A9D-AC94-E382F4A0F2CE}.Debug|x64.ActiveCfg = Debug|Any CPU
		{87EFB031-3E4A-4A9D-AC94-E382F4A0F2CE}.Debug|x64.Build.0 = Debug|Any CPU
		{87EFB031-3E4A-4A9D-AC94-E382F4A0F2CE}.Debug|x64.Deploy.0 = Debug|Any CPU
		{87EFB031-3E4A-4A9D-AC94-E382F4A0F2CE}.Debug|x86.ActiveCfg = Debug|Any CPU
		{87EFB031-3E4A-4A9D-AC94-E382F4A0F2CE}.Debug|x86.Build.0 = Debug|Any CPU
		{87EFB031-3E4A-4A9D-AC94-E382F4A0F2CE}.Debug|x86.Deploy.0 = Debug|Any CPU
		{87EFB031-3E4A-4A9D-AC94-E382F4A0F2CE}.Release|Any CPU.ActiveCfg = Release|Any CPU
		{87EFB031-3E4A-4A9D-AC94-E382F4A0F2CE}.Release|Any CPU.Build.0 = Release|Any CPU
		{87EFB031-3E4A-4A9D-AC94-E382F4A0F2CE}.Release|Any CPU.Deploy.0 = Release|Any CPU
		{87EFB031-3E4A-4A9D-AC94-E382F4A0F2CE}.Release|ARM.ActiveCfg = Release|Any CPU
		{87EFB031-3E4A-4A9D-AC94-E382F4A0F2CE}.Release|ARM.Build.0 = Release|Any CPU
		{87EFB031-3E4A-4A9D-AC94-E382F4A0F2CE}.Release|ARM.Deploy.0 = Release|Any CPU
		{87EFB031-3E4A-4A9D-AC94-E382F4A0F2CE}.Release|iPhone.ActiveCfg = Release|Any CPU
		{87EFB031-3E4A-4A9D-AC94-E382F4A0F2CE}.Release|iPhone.Build.0 = Release|Any CPU
		{87EFB031-3E4A-4A9D-AC94-E382F4A0F2CE}.Release|iPhone.Deploy.0 = Release|Any CPU
		{87EFB031-3E4A-4A9D-AC94-E382F4A0F2CE}.Release|iPhoneSimulator.ActiveCfg = Release|Any CPU
		{87EFB031-3E4A-4A9D-AC94-E382F4A0F2CE}.Release|iPhoneSimulator.Build.0 = Release|Any CPU
		{87EFB031-3E4A-4A9D-AC94-E382F4A0F2CE}.Release|iPhoneSimulator.Deploy.0 = Release|Any CPU
		{87EFB031-3E4A-4A9D-AC94-E382F4A0F2CE}.Release|x64.ActiveCfg = Release|Any CPU
		{87EFB031-3E4A-4A9D-AC94-E382F4A0F2CE}.Release|x64.Build.0 = Release|Any CPU
		{87EFB031-3E4A-4A9D-AC94-E382F4A0F2CE}.Release|x64.Deploy.0 = Release|Any CPU
		{87EFB031-3E4A-4A9D-AC94-E382F4A0F2CE}.Release|x86.ActiveCfg = Release|Any CPU
		{87EFB031-3E4A-4A9D-AC94-E382F4A0F2CE}.Release|x86.Build.0 = Release|Any CPU
		{87EFB031-3E4A-4A9D-AC94-E382F4A0F2CE}.Release|x86.Deploy.0 = Release|Any CPU
		{647B3B6A-0C65-46D6-A08D-0ABDCB0AD64F}.Ad-Hoc|Any CPU.ActiveCfg = Ad-Hoc|iPhone
		{647B3B6A-0C65-46D6-A08D-0ABDCB0AD64F}.Ad-Hoc|ARM.ActiveCfg = Ad-Hoc|iPhone
		{647B3B6A-0C65-46D6-A08D-0ABDCB0AD64F}.Ad-Hoc|iPhone.ActiveCfg = Ad-Hoc|iPhone
		{647B3B6A-0C65-46D6-A08D-0ABDCB0AD64F}.Ad-Hoc|iPhone.Build.0 = Ad-Hoc|iPhone
		{647B3B6A-0C65-46D6-A08D-0ABDCB0AD64F}.Ad-Hoc|iPhoneSimulator.ActiveCfg = Ad-Hoc|iPhoneSimulator
		{647B3B6A-0C65-46D6-A08D-0ABDCB0AD64F}.Ad-Hoc|iPhoneSimulator.Build.0 = Ad-Hoc|iPhoneSimulator
		{647B3B6A-0C65-46D6-A08D-0ABDCB0AD64F}.Ad-Hoc|x64.ActiveCfg = Ad-Hoc|iPhone
		{647B3B6A-0C65-46D6-A08D-0ABDCB0AD64F}.Ad-Hoc|x86.ActiveCfg = Ad-Hoc|iPhone
		{647B3B6A-0C65-46D6-A08D-0ABDCB0AD64F}.AppStore|Any CPU.ActiveCfg = AppStore|iPhone
		{647B3B6A-0C65-46D6-A08D-0ABDCB0AD64F}.AppStore|ARM.ActiveCfg = AppStore|iPhone
		{647B3B6A-0C65-46D6-A08D-0ABDCB0AD64F}.AppStore|iPhone.ActiveCfg = AppStore|iPhone
		{647B3B6A-0C65-46D6-A08D-0ABDCB0AD64F}.AppStore|iPhone.Build.0 = AppStore|iPhone
		{647B3B6A-0C65-46D6-A08D-0ABDCB0AD64F}.AppStore|iPhoneSimulator.ActiveCfg = AppStore|iPhoneSimulator
		{647B3B6A-0C65-46D6-A08D-0ABDCB0AD64F}.AppStore|iPhoneSimulator.Build.0 = AppStore|iPhoneSimulator
		{647B3B6A-0C65-46D6-A08D-0ABDCB0AD64F}.AppStore|x64.ActiveCfg = AppStore|iPhone
		{647B3B6A-0C65-46D6-A08D-0ABDCB0AD64F}.AppStore|x86.ActiveCfg = AppStore|iPhone
		{647B3B6A-0C65-46D6-A08D-0ABDCB0AD64F}.Debug|Any CPU.ActiveCfg = Debug|iPhone
		{647B3B6A-0C65-46D6-A08D-0ABDCB0AD64F}.Debug|ARM.ActiveCfg = Debug|iPhone
		{647B3B6A-0C65-46D6-A08D-0ABDCB0AD64F}.Debug|iPhone.ActiveCfg = Debug|iPhone
		{647B3B6A-0C65-46D6-A08D-0ABDCB0AD64F}.Debug|iPhone.Build.0 = Debug|iPhone
		{647B3B6A-0C65-46D6-A08D-0ABDCB0AD64F}.Debug|iPhoneSimulator.ActiveCfg = Debug|iPhoneSimulator
		{647B3B6A-0C65-46D6-A08D-0ABDCB0AD64F}.Debug|iPhoneSimulator.Build.0 = Debug|iPhoneSimulator
		{647B3B6A-0C65-46D6-A08D-0ABDCB0AD64F}.Debug|x64.ActiveCfg = Debug|iPhone
		{647B3B6A-0C65-46D6-A08D-0ABDCB0AD64F}.Debug|x86.ActiveCfg = Debug|iPhone
		{647B3B6A-0C65-46D6-A08D-0ABDCB0AD64F}.Release|Any CPU.ActiveCfg = Release|iPhone
		{647B3B6A-0C65-46D6-A08D-0ABDCB0AD64F}.Release|ARM.ActiveCfg = Release|iPhone
		{647B3B6A-0C65-46D6-A08D-0ABDCB0AD64F}.Release|iPhone.ActiveCfg = Release|iPhone
		{647B3B6A-0C65-46D6-A08D-0ABDCB0AD64F}.Release|iPhone.Build.0 = Release|iPhone
		{647B3B6A-0C65-46D6-A08D-0ABDCB0AD64F}.Release|iPhoneSimulator.ActiveCfg = Release|iPhoneSimulator
		{647B3B6A-0C65-46D6-A08D-0ABDCB0AD64F}.Release|iPhoneSimulator.Build.0 = Release|iPhoneSimulator
		{647B3B6A-0C65-46D6-A08D-0ABDCB0AD64F}.Release|x64.ActiveCfg = Release|iPhone
		{647B3B6A-0C65-46D6-A08D-0ABDCB0AD64F}.Release|x86.ActiveCfg = Release|iPhone
		{F018DE69-80A4-49FB-B4A6-285D8526C4D1}.Ad-Hoc|Any CPU.ActiveCfg = Release|x86
		{F018DE69-80A4-49FB-B4A6-285D8526C4D1}.Ad-Hoc|Any CPU.Build.0 = Release|x86
		{F018DE69-80A4-49FB-B4A6-285D8526C4D1}.Ad-Hoc|Any CPU.Deploy.0 = Release|x86
		{F018DE69-80A4-49FB-B4A6-285D8526C4D1}.Ad-Hoc|ARM.ActiveCfg = Release|ARM
		{F018DE69-80A4-49FB-B4A6-285D8526C4D1}.Ad-Hoc|ARM.Build.0 = Release|ARM
		{F018DE69-80A4-49FB-B4A6-285D8526C4D1}.Ad-Hoc|ARM.Deploy.0 = Release|ARM
		{F018DE69-80A4-49FB-B4A6-285D8526C4D1}.Ad-Hoc|iPhone.ActiveCfg = Release|x86
		{F018DE69-80A4-49FB-B4A6-285D8526C4D1}.Ad-Hoc|iPhone.Build.0 = Release|x86
		{F018DE69-80A4-49FB-B4A6-285D8526C4D1}.Ad-Hoc|iPhone.Deploy.0 = Release|x86
		{F018DE69-80A4-49FB-B4A6-285D8526C4D1}.Ad-Hoc|iPhoneSimulator.ActiveCfg = Release|x86
		{F018DE69-80A4-49FB-B4A6-285D8526C4D1}.Ad-Hoc|iPhoneSimulator.Build.0 = Release|x86
		{F018DE69-80A4-49FB-B4A6-285D8526C4D1}.Ad-Hoc|iPhoneSimulator.Deploy.0 = Release|x86
		{F018DE69-80A4-49FB-B4A6-285D8526C4D1}.Ad-Hoc|x64.ActiveCfg = Release|x64
		{F018DE69-80A4-49FB-B4A6-285D8526C4D1}.Ad-Hoc|x64.Build.0 = Release|x64
		{F018DE69-80A4-49FB-B4A6-285D8526C4D1}.Ad-Hoc|x64.Deploy.0 = Release|x64
		{F018DE69-80A4-49FB-B4A6-285D8526C4D1}.Ad-Hoc|x86.ActiveCfg = Release|x86
		{F018DE69-80A4-49FB-B4A6-285D8526C4D1}.Ad-Hoc|x86.Build.0 = Release|x86
		{F018DE69-80A4-49FB-B4A6-285D8526C4D1}.Ad-Hoc|x86.Deploy.0 = Release|x86
		{F018DE69-80A4-49FB-B4A6-285D8526C4D1}.AppStore|Any CPU.ActiveCfg = Release|x86
		{F018DE69-80A4-49FB-B4A6-285D8526C4D1}.AppStore|Any CPU.Build.0 = Release|x86
		{F018DE69-80A4-49FB-B4A6-285D8526C4D1}.AppStore|Any CPU.Deploy.0 = Release|x86
		{F018DE69-80A4-49FB-B4A6-285D8526C4D1}.AppStore|ARM.ActiveCfg = Release|ARM
		{F018DE69-80A4-49FB-B4A6-285D8526C4D1}.AppStore|ARM.Build.0 = Release|ARM
		{F018DE69-80A4-49FB-B4A6-285D8526C4D1}.AppStore|ARM.Deploy.0 = Release|ARM
		{F018DE69-80A4-49FB-B4A6-285D8526C4D1}.AppStore|iPhone.ActiveCfg = Release|x86
		{F018DE69-80A4-49FB-B4A6-285D8526C4D1}.AppStore|iPhone.Build.0 = Release|x86
		{F018DE69-80A4-49FB-B4A6-285D8526C4D1}.AppStore|iPhone.Deploy.0 = Release|x86
		{F018DE69-80A4-49FB-B4A6-285D8526C4D1}.AppStore|iPhoneSimulator.ActiveCfg = Release|x86
		{F018DE69-80A4-49FB-B4A6-285D8526C4D1}.AppStore|iPhoneSimulator.Build.0 = Release|x86
		{F018DE69-80A4-49FB-B4A6-285D8526C4D1}.AppStore|iPhoneSimulator.Deploy.0 = Release|x86
		{F018DE69-80A4-49FB-B4A6-285D8526C4D1}.AppStore|x64.ActiveCfg = Release|x64
		{F018DE69-80A4-49FB-B4A6-285D8526C4D1}.AppStore|x64.Build.0 = Release|x64
		{F018DE69-80A4-49FB-B4A6-285D8526C4D1}.AppStore|x64.Deploy.0 = Release|x64
		{F018DE69-80A4-49FB-B4A6-285D8526C4D1}.AppStore|x86.ActiveCfg = Release|x86
		{F018DE69-80A4-49FB-B4A6-285D8526C4D1}.AppStore|x86.Build.0 = Release|x86
		{F018DE69-80A4-49FB-B4A6-285D8526C4D1}.AppStore|x86.Deploy.0 = Release|x86
		{F018DE69-80A4-49FB-B4A6-285D8526C4D1}.Debug|Any CPU.ActiveCfg = Debug|x86
		{F018DE69-80A4-49FB-B4A6-285D8526C4D1}.Debug|ARM.ActiveCfg = Debug|ARM
		{F018DE69-80A4-49FB-B4A6-285D8526C4D1}.Debug|ARM.Build.0 = Debug|ARM
		{F018DE69-80A4-49FB-B4A6-285D8526C4D1}.Debug|ARM.Deploy.0 = Debug|ARM
		{F018DE69-80A4-49FB-B4A6-285D8526C4D1}.Debug|iPhone.ActiveCfg = Debug|x86
		{F018DE69-80A4-49FB-B4A6-285D8526C4D1}.Debug|iPhoneSimulator.ActiveCfg = Debug|x86
		{F018DE69-80A4-49FB-B4A6-285D8526C4D1}.Debug|x64.ActiveCfg = Debug|x64
		{F018DE69-80A4-49FB-B4A6-285D8526C4D1}.Debug|x64.Build.0 = Debug|x64
		{F018DE69-80A4-49FB-B4A6-285D8526C4D1}.Debug|x64.Deploy.0 = Debug|x64
		{F018DE69-80A4-49FB-B4A6-285D8526C4D1}.Debug|x86.ActiveCfg = Debug|x86
		{F018DE69-80A4-49FB-B4A6-285D8526C4D1}.Debug|x86.Build.0 = Debug|x86
		{F018DE69-80A4-49FB-B4A6-285D8526C4D1}.Debug|x86.Deploy.0 = Debug|x86
		{F018DE69-80A4-49FB-B4A6-285D8526C4D1}.Release|Any CPU.ActiveCfg = Release|x86
		{F018DE69-80A4-49FB-B4A6-285D8526C4D1}.Release|ARM.ActiveCfg = Release|ARM
		{F018DE69-80A4-49FB-B4A6-285D8526C4D1}.Release|ARM.Build.0 = Release|ARM
		{F018DE69-80A4-49FB-B4A6-285D8526C4D1}.Release|ARM.Deploy.0 = Release|ARM
		{F018DE69-80A4-49FB-B4A6-285D8526C4D1}.Release|iPhone.ActiveCfg = Release|x86
		{F018DE69-80A4-49FB-B4A6-285D8526C4D1}.Release|iPhoneSimulator.ActiveCfg = Release|x86
		{F018DE69-80A4-49FB-B4A6-285D8526C4D1}.Release|x64.ActiveCfg = Release|x64
		{F018DE69-80A4-49FB-B4A6-285D8526C4D1}.Release|x64.Build.0 = Release|x64
		{F018DE69-80A4-49FB-B4A6-285D8526C4D1}.Release|x64.Deploy.0 = Release|x64
		{F018DE69-80A4-49FB-B4A6-285D8526C4D1}.Release|x86.ActiveCfg = Release|x86
		{F018DE69-80A4-49FB-B4A6-285D8526C4D1}.Release|x86.Build.0 = Release|x86
		{F018DE69-80A4-49FB-B4A6-285D8526C4D1}.Release|x86.Deploy.0 = Release|x86
	EndGlobalSection
	GlobalSection(SolutionProperties) = preSolution
		HideSolutionNode = FALSE
	EndGlobalSection
EndGlobal
